
Microsoft Visual Studio Solution File, Format Version 12.00
# Visual Studio Version 16
VisualStudioVersion = 16.0.29409.12
MinimumVisualStudioVersion = 10.0.40219.1
Project("{F184B08F-C81C-45F6-A57F-5ABD9991F28F}") = "Evento", "WindowsApp1\Evento.vbproj", "{D69329AF-19F3-43EB-920E-C5F68D093C92}"
EndProject
Project("{54435603-DBB4-11D2-8724-00A0C9A8B90C}") = "Setup1", "Setup1\Setup1.vdproj", "{94595A8B-89FA-43EC-874C-5D15F17803F9}"
EndProject
Global
	GlobalSection(SolutionConfigurationPlatforms) = preSolution
		Debug|Any CPU = Debug|Any CPU
		Debug|x64 = Debug|x64
		Debug|x86 = Debug|x86
		Release|Any CPU = Release|Any CPU
		Release|x64 = Release|x64
		Release|x86 = Release|x86
	EndGlobalSection
	GlobalSection(ProjectConfigurationPlatforms) = postSolution
		{D69329AF-19F3-43EB-920E-C5F68D093C92}.Debug|Any CPU.ActiveCfg = Debug|Any CPU
		{D69329AF-19F3-43EB-920E-C5F68D093C92}.Debug|Any CPU.Build.0 = Debug|Any CPU
		{D69329AF-19F3-43EB-920E-C5F68D093C92}.Debug|x64.ActiveCfg = Debug|x64
		{D69329AF-19F3-43EB-920E-C5F68D093C92}.Debug|x64.Build.0 = Debug|x64
		{D69329AF-19F3-43EB-920E-C5F68D093C92}.Debug|x86.ActiveCfg = Debug|x86
		{D69329AF-19F3-43EB-920E-C5F68D093C92}.Debug|x86.Build.0 = Debug|x86
		{D69329AF-19F3-43EB-920E-C5F68D093C92}.Release|Any CPU.ActiveCfg = Release|Any CPU
		{D69329AF-19F3-43EB-920E-C5F68D093C92}.Release|Any CPU.Build.0 = Release|Any CPU
		{D69329AF-19F3-43EB-920E-C5F68D093C92}.Release|x64.ActiveCfg = Release|x64
		{D69329AF-19F3-43EB-920E-C5F68D093C92}.Release|x64.Build.0 = Release|x64
		{D69329AF-19F3-43EB-920E-C5F68D093C92}.Release|x86.ActiveCfg = Release|x86
		{D69329AF-19F3-43EB-920E-C5F68D093C92}.Release|x86.Build.0 = Release|x86
		{94595A8B-89FA-43EC-874C-5D15F17803F9}.Debug|Any CPU.ActiveCfg = Debug
		{94595A8B-89FA-43EC-874C-5D15F17803F9}.Debug|x64.ActiveCfg = Debug
		{94595A8B-89FA-43EC-874C-5D15F17803F9}.Debug|x86.ActiveCfg = Debug
		{94595A8B-89FA-43EC-874C-5D15F17803F9}.Release|Any CPU.ActiveCfg = Release
		{94595A8B-89FA-43EC-874C-5D15F17803F9}.Release|x64.ActiveCfg = Release
		{94595A8B-89FA-43EC-874C-5D15F17803F9}.Release|x86.ActiveCfg = Release
	EndGlobalSection
	GlobalSection(SolutionProperties) = preSolution
		HideSolutionNode = FALSE
	EndGlobalSection
	GlobalSection(ExtensibilityGlobals) = postSolution
		SolutionGuid = {7B3E763D-468F-4BBB-A274-903C60832026}
	EndGlobalSection
EndGlobal
